
Microsoft Visual Studio Solution File, Format Version 12.00
# Visual Studio 15
VisualStudioVersion = 15.0.27428.2005
MinimumVisualStudioVersion = 10.0.40219.1
Project("{9A19103F-16F7-4668-BE54-9A1E7A4F7556}") = "01_Database", "01_Database\01_Database.csproj", "{B385432B-8070-4DD5-B300-DB3DF67C29BE}"
EndProject
Project("{9A19103F-16F7-4668-BE54-9A1E7A4F7556}") = "Tests", "Tests\Tests.csproj", "{98D3213A-76CD-44A4-9542-55F19A821081}"
EndProject
Project("{9A19103F-16F7-4668-BE54-9A1E7A4F7556}") = "02_PersonDatabase", "02_PersonDatabase\02_PersonDatabase.csproj", "{1A204C11-6483-4DE1-AE75-DBB29B935911}"
EndProject
Project("{FAE04EC0-301F-11D3-BF4B-00C04F79EFBC}") = "03_ListyIterator", "03_ListyIterator\03_ListyIterator.csproj", "{09E99C44-000C-47E8-9E35-B18A00384866}"
EndProject
Project("{9A19103F-16F7-4668-BE54-9A1E7A4F7556}") = "04_BubbleSort", "04_Bubble\04_BubbleSort.csproj", "{024D0805-A25A-4E67-BBD4-877F17C4B6A1}"
EndProject
Project("{FAE04EC0-301F-11D3-BF4B-00C04F79EFBC}") = "10_TirePressureMonitoringSystem", "10_TirePressureMonitoringSystem\10_TirePressureMonitoringSystem.csproj", "{8698440B-9A69-449B-A6AF-9D74B8B7B7CE}"
EndProject
Project("{9A19103F-16F7-4668-BE54-9A1E7A4F7556}") = "08_CustomLinkedList", "08_CustomLinkedList\08_CustomLinkedList.csproj", "{7A520B59-B056-497B-B1F4-91D33DCE1238}"
EndProject
Global
	GlobalSection(SolutionConfigurationPlatforms) = preSolution
		Debug|Any CPU = Debug|Any CPU
		Release|Any CPU = Release|Any CPU
	EndGlobalSection
	GlobalSection(ProjectConfigurationPlatforms) = postSolution
		{B385432B-8070-4DD5-B300-DB3DF67C29BE}.Debug|Any CPU.ActiveCfg = Debug|Any CPU
		{B385432B-8070-4DD5-B300-DB3DF67C29BE}.Debug|Any CPU.Build.0 = Debug|Any CPU
		{B385432B-8070-4DD5-B300-DB3DF67C29BE}.Release|Any CPU.ActiveCfg = Release|Any CPU
		{B385432B-8070-4DD5-B300-DB3DF67C29BE}.Release|Any CPU.Build.0 = Release|Any CPU
		{98D3213A-76CD-44A4-9542-55F19A821081}.Debug|Any CPU.ActiveCfg = Debug|Any CPU
		{98D3213A-76CD-44A4-9542-55F19A821081}.Debug|Any CPU.Build.0 = Debug|Any CPU
		{98D3213A-76CD-44A4-9542-55F19A821081}.Release|Any CPU.ActiveCfg = Release|Any CPU
		{98D3213A-76CD-44A4-9542-55F19A821081}.Release|Any CPU.Build.0 = Release|Any CPU
		{1A204C11-6483-4DE1-AE75-DBB29B935911}.Debug|Any CPU.ActiveCfg = Debug|Any CPU
		{1A204C11-6483-4DE1-AE75-DBB29B935911}.Debug|Any CPU.Build.0 = Debug|Any CPU
		{1A204C11-6483-4DE1-AE75-DBB29B935911}.Release|Any CPU.ActiveCfg = Release|Any CPU
		{1A204C11-6483-4DE1-AE75-DBB29B935911}.Release|Any CPU.Build.0 = Release|Any CPU
		{09E99C44-000C-47E8-9E35-B18A00384866}.Debug|Any CPU.ActiveCfg = Debug|Any CPU
		{09E99C44-000C-47E8-9E35-B18A00384866}.Debug|Any CPU.Build.0 = Debug|Any CPU
		{09E99C44-000C-47E8-9E35-B18A00384866}.Release|Any CPU.ActiveCfg = Release|Any CPU
		{09E99C44-000C-47E8-9E35-B18A00384866}.Release|Any CPU.Build.0 = Release|Any CPU
		{024D0805-A25A-4E67-BBD4-877F17C4B6A1}.Debug|Any CPU.ActiveCfg = Debug|Any CPU
		{024D0805-A25A-4E67-BBD4-877F17C4B6A1}.Debug|Any CPU.Build.0 = Debug|Any CPU
		{024D0805-A25A-4E67-BBD4-877F17C4B6A1}.Release|Any CPU.ActiveCfg = Release|Any CPU
		{024D0805-A25A-4E67-BBD4-877F17C4B6A1}.Release|Any CPU.Build.0 = Release|Any CPU
		{8698440B-9A69-449B-A6AF-9D74B8B7B7CE}.Debug|Any CPU.ActiveCfg = Debug|Any CPU
		{8698440B-9A69-449B-A6AF-9D74B8B7B7CE}.Debug|Any CPU.Build.0 = Debug|Any CPU
		{8698440B-9A69-449B-A6AF-9D74B8B7B7CE}.Release|Any CPU.ActiveCfg = Release|Any CPU
		{8698440B-9A69-449B-A6AF-9D74B8B7B7CE}.Release|Any CPU.Build.0 = Release|Any CPU
		{7A520B59-B056-497B-B1F4-91D33DCE1238}.Debug|Any CPU.ActiveCfg = Debug|Any CPU
		{7A520B59-B056-497B-B1F4-91D33DCE1238}.Debug|Any CPU.Build.0 = Debug|Any CPU
		{7A520B59-B056-497B-B1F4-91D33DCE1238}.Release|Any CPU.ActiveCfg = Release|Any CPU
		{7A520B59-B056-497B-B1F4-91D33DCE1238}.Release|Any CPU.Build.0 = Release|Any CPU
	EndGlobalSection
	GlobalSection(SolutionProperties) = preSolution
		HideSolutionNode = FALSE
	EndGlobalSection
	GlobalSection(ExtensibilityGlobals) = postSolution
		SolutionGuid = {A03EFF1A-AD55-4783-B524-2BA80E91D343}
	EndGlobalSection
EndGlobal
