
Microsoft Visual Studio Solution File, Format Version 12.00
# Visual Studio 15
VisualStudioVersion = 15.0.27130.2020
MinimumVisualStudioVersion = 10.0.40219.1
Project("{FAE04EC0-301F-11D3-BF4B-00C04F79EFBC}") = "01_MathOperations", "01_MathOperations\01_MathOperations.csproj", "{D5A449B8-3B51-4936-8ACE-FC21A142BFE4}"
EndProject
Project("{FAE04EC0-301F-11D3-BF4B-00C04F79EFBC}") = "02_Animals", "02_Animals\02_Animals.csproj", "{E4CC0945-C1C8-499A-9C55-F9BEA24FB84F}"
EndProject
Project("{FAE04EC0-301F-11D3-BF4B-00C04F79EFBC}") = "03_Shapes", "03_Shapes\03_Shapes.csproj", "{10DDAA89-DC57-431E-A6F0-CF61E0C867E7}"
EndProject
Global
	GlobalSection(SolutionConfigurationPlatforms) = preSolution
		Debug|Any CPU = Debug|Any CPU
		Release|Any CPU = Release|Any CPU
	EndGlobalSection
	GlobalSection(ProjectConfigurationPlatforms) = postSolution
		{D5A449B8-3B51-4936-8ACE-FC21A142BFE4}.Debug|Any CPU.ActiveCfg = Debug|Any CPU
		{D5A449B8-3B51-4936-8ACE-FC21A142BFE4}.Debug|Any CPU.Build.0 = Debug|Any CPU
		{D5A449B8-3B51-4936-8ACE-FC21A142BFE4}.Release|Any CPU.ActiveCfg = Release|Any CPU
		{D5A449B8-3B51-4936-8ACE-FC21A142BFE4}.Release|Any CPU.Build.0 = Release|Any CPU
		{E4CC0945-C1C8-499A-9C55-F9BEA24FB84F}.Debug|Any CPU.ActiveCfg = Debug|Any CPU
		{E4CC0945-C1C8-499A-9C55-F9BEA24FB84F}.Debug|Any CPU.Build.0 = Debug|Any CPU
		{E4CC0945-C1C8-499A-9C55-F9BEA24FB84F}.Release|Any CPU.ActiveCfg = Release|Any CPU
		{E4CC0945-C1C8-499A-9C55-F9BEA24FB84F}.Release|Any CPU.Build.0 = Release|Any CPU
		{10DDAA89-DC57-431E-A6F0-CF61E0C867E7}.Debug|Any CPU.ActiveCfg = Debug|Any CPU
		{10DDAA89-DC57-431E-A6F0-CF61E0C867E7}.Debug|Any CPU.Build.0 = Debug|Any CPU
		{10DDAA89-DC57-431E-A6F0-CF61E0C867E7}.Release|Any CPU.ActiveCfg = Release|Any CPU
		{10DDAA89-DC57-431E-A6F0-CF61E0C867E7}.Release|Any CPU.Build.0 = Release|Any CPU
	EndGlobalSection
	GlobalSection(SolutionProperties) = preSolution
		HideSolutionNode = FALSE
	EndGlobalSection
	GlobalSection(ExtensibilityGlobals) = postSolution
		SolutionGuid = {6D30CDA7-5103-4DC5-81E1-67688409C1A2}
	EndGlobalSection
EndGlobal
