
Microsoft Visual Studio Solution File, Format Version 12.00
# Visual Studio 15
VisualStudioVersion = 15.0.26430.14
MinimumVisualStudioVersion = 10.0.40219.1
Project("{FAE04EC0-301F-11D3-BF4B-00C04F79EFBC}") = "01-ClassBox", "01-ClassBox\01-ClassBox.csproj", "{7CF07F7B-4A3B-4B6A-A009-668EC0AB1FBC}"
EndProject
Project("{FAE04EC0-301F-11D3-BF4B-00C04F79EFBC}") = "02-ClassBoxDataValidation", "02-ClassBoxDataValidation\02-ClassBoxDataValidation.csproj", "{443BCCDA-A5C7-466C-AACF-4758A3C604FB}"
EndProject
Project("{FAE04EC0-301F-11D3-BF4B-00C04F79EFBC}") = "03-ShoppingSpree", "03-ShoppingSpree\03-ShoppingSpree.csproj", "{6392A4E7-0E10-4910-B92C-0F698A82918F}"
EndProject
Project("{FAE04EC0-301F-11D3-BF4B-00C04F79EFBC}") = "04-PizzaCalories", "04-PizzaCalories\04-PizzaCalories.csproj", "{70FBBAEA-13E0-4577-865C-C28237C1CA62}"
EndProject
Global
	GlobalSection(SolutionConfigurationPlatforms) = preSolution
		Debug|Any CPU = Debug|Any CPU
		Release|Any CPU = Release|Any CPU
	EndGlobalSection
	GlobalSection(ProjectConfigurationPlatforms) = postSolution
		{7CF07F7B-4A3B-4B6A-A009-668EC0AB1FBC}.Debug|Any CPU.ActiveCfg = Debug|Any CPU
		{7CF07F7B-4A3B-4B6A-A009-668EC0AB1FBC}.Debug|Any CPU.Build.0 = Debug|Any CPU
		{7CF07F7B-4A3B-4B6A-A009-668EC0AB1FBC}.Release|Any CPU.ActiveCfg = Release|Any CPU
		{7CF07F7B-4A3B-4B6A-A009-668EC0AB1FBC}.Release|Any CPU.Build.0 = Release|Any CPU
		{443BCCDA-A5C7-466C-AACF-4758A3C604FB}.Debug|Any CPU.ActiveCfg = Debug|Any CPU
		{443BCCDA-A5C7-466C-AACF-4758A3C604FB}.Debug|Any CPU.Build.0 = Debug|Any CPU
		{443BCCDA-A5C7-466C-AACF-4758A3C604FB}.Release|Any CPU.ActiveCfg = Release|Any CPU
		{443BCCDA-A5C7-466C-AACF-4758A3C604FB}.Release|Any CPU.Build.0 = Release|Any CPU
		{6392A4E7-0E10-4910-B92C-0F698A82918F}.Debug|Any CPU.ActiveCfg = Debug|Any CPU
		{6392A4E7-0E10-4910-B92C-0F698A82918F}.Debug|Any CPU.Build.0 = Debug|Any CPU
		{6392A4E7-0E10-4910-B92C-0F698A82918F}.Release|Any CPU.ActiveCfg = Release|Any CPU
		{6392A4E7-0E10-4910-B92C-0F698A82918F}.Release|Any CPU.Build.0 = Release|Any CPU
		{70FBBAEA-13E0-4577-865C-C28237C1CA62}.Debug|Any CPU.ActiveCfg = Debug|Any CPU
		{70FBBAEA-13E0-4577-865C-C28237C1CA62}.Debug|Any CPU.Build.0 = Debug|Any CPU
		{70FBBAEA-13E0-4577-865C-C28237C1CA62}.Release|Any CPU.ActiveCfg = Release|Any CPU
		{70FBBAEA-13E0-4577-865C-C28237C1CA62}.Release|Any CPU.Build.0 = Release|Any CPU
	EndGlobalSection
	GlobalSection(SolutionProperties) = preSolution
		HideSolutionNode = FALSE
	EndGlobalSection
EndGlobal
